
Microsoft Visual Studio Solution File, Format Version 10.00
# Visual Studio 2008
Project("{8BC9CEB8-8B4A-11D0-8D11-00A0C91BC942}") = "jubase", "jubase\jubase.vcproj", "{747D10D7-6348-465E-92A3-9FDFF35D36F1}"
	ProjectSection(ProjectDependencies) = postProject
		{3423EC9A-52E4-4A4D-9753-EDEBC38785EF} = {3423EC9A-52E4-4A4D-9753-EDEBC38785EF}
	EndProjectSection
EndProject
Project("{8BC9CEB8-8B4A-11D0-8D11-00A0C91BC942}") = "juwnd", "juwnd\juwnd.vcproj", "{E3EB03FF-C3DA-4F38-8340-2838927EE10E}"
	ProjectSection(ProjectDependencies) = postProject
		{3423EC9A-52E4-4A4D-9753-EDEBC38785EF} = {3423EC9A-52E4-4A4D-9753-EDEBC38785EF}
		{747D10D7-6348-465E-92A3-9FDFF35D36F1} = {747D10D7-6348-465E-92A3-9FDFF35D36F1}
	EndProjectSection
EndProject
Project("{8BC9CEB8-8B4A-11D0-8D11-00A0C91BC942}") = "cryptlib", "cryptlib\cryptlib.vcproj", "{3423EC9A-52E4-4A4D-9753-EDEBC38785EF}"
EndProject
Project("{8BC9CEB8-8B4A-11D0-8D11-00A0C91BC942}") = "Example1_Hello", "Example1_Hello\Example1_Hello.vcproj", "{719CA880-7DB6-4BDA-9AB8-C924DE2FB28D}"
EndProject
Project("{8BC9CEB8-8B4A-11D0-8D11-00A0C91BC942}") = "Example2_Function", "Example2_Function\Example2_Function.vcproj", "{59F14EDB-19F9-46FB-A579-E000C604F641}"
EndProject
Project("{8BC9CEB8-8B4A-11D0-8D11-00A0C91BC942}") = "Example3_Delegate", "Example3_Delegate\Example3_Delegate.vcproj", "{82BD044F-F504-4592-BB50-121D575D1AB1}"
EndProject
Project("{8BC9CEB8-8B4A-11D0-8D11-00A0C91BC942}") = "JuProjectTool", "JuProjectTool\JuProjectTool.vcproj", "{E0824559-88DC-4A16-A093-680D4DD61F50}"
EndProject
Project("{8BC9CEB8-8B4A-11D0-8D11-00A0C91BC942}") = "Example4_Thread", "Example4_Thread\Example4_Thread.vcproj", "{FC642510-63AE-4CAA-ACF3-1C43B38A89FC}"
EndProject
Project("{8BC9CEB8-8B4A-11D0-8D11-00A0C91BC942}") = "Example5_TaskPool", "Example5_TaskPool\Example5_TaskPool.vcproj", "{4B3E17EB-DDE5-4AD1-99A7-353A8724B2DC}"
EndProject
Project("{8BC9CEB8-8B4A-11D0-8D11-00A0C91BC942}") = "Example6_APIHook", "Example6_APIHook\Example6_APIHook.vcproj", "{5FA0FBF6-CBC0-4344-B57A-E17C8FFC6F3E}"
EndProject
Project("{8BC9CEB8-8B4A-11D0-8D11-00A0C91BC942}") = "Example7_FileTree", "Example7_FileTree\Example7_FileTree.vcproj", "{A2A9E5A3-DADB-4450-9E0E-80DAAFA05408}"
EndProject
Global
	GlobalSection(SolutionConfigurationPlatforms) = preSolution
		Debug|Win32 = Debug|Win32
		Debug|x64 = Debug|x64
		Release|Win32 = Release|Win32
		Release|x64 = Release|x64
	EndGlobalSection
	GlobalSection(ProjectConfigurationPlatforms) = postSolution
		{747D10D7-6348-465E-92A3-9FDFF35D36F1}.Debug|Win32.ActiveCfg = Debug|Win32
		{747D10D7-6348-465E-92A3-9FDFF35D36F1}.Debug|Win32.Build.0 = Debug|Win32
		{747D10D7-6348-465E-92A3-9FDFF35D36F1}.Debug|x64.ActiveCfg = Debug|Win32
		{747D10D7-6348-465E-92A3-9FDFF35D36F1}.Release|Win32.ActiveCfg = Release|Win32
		{747D10D7-6348-465E-92A3-9FDFF35D36F1}.Release|Win32.Build.0 = Release|Win32
		{747D10D7-6348-465E-92A3-9FDFF35D36F1}.Release|x64.ActiveCfg = Release|Win32
		{E3EB03FF-C3DA-4F38-8340-2838927EE10E}.Debug|Win32.ActiveCfg = Debug|Win32
		{E3EB03FF-C3DA-4F38-8340-2838927EE10E}.Debug|Win32.Build.0 = Debug|Win32
		{E3EB03FF-C3DA-4F38-8340-2838927EE10E}.Debug|x64.ActiveCfg = Debug|Win32
		{E3EB03FF-C3DA-4F38-8340-2838927EE10E}.Release|Win32.ActiveCfg = Release|Win32
		{E3EB03FF-C3DA-4F38-8340-2838927EE10E}.Release|Win32.Build.0 = Release|Win32
		{E3EB03FF-C3DA-4F38-8340-2838927EE10E}.Release|x64.ActiveCfg = Release|Win32
		{3423EC9A-52E4-4A4D-9753-EDEBC38785EF}.Debug|Win32.ActiveCfg = Debug|Win32
		{3423EC9A-52E4-4A4D-9753-EDEBC38785EF}.Debug|Win32.Build.0 = Debug|Win32
		{3423EC9A-52E4-4A4D-9753-EDEBC38785EF}.Debug|x64.ActiveCfg = Debug|x64
		{3423EC9A-52E4-4A4D-9753-EDEBC38785EF}.Debug|x64.Build.0 = Debug|x64
		{3423EC9A-52E4-4A4D-9753-EDEBC38785EF}.Release|Win32.ActiveCfg = Release|Win32
		{3423EC9A-52E4-4A4D-9753-EDEBC38785EF}.Release|Win32.Build.0 = Release|Win32
		{3423EC9A-52E4-4A4D-9753-EDEBC38785EF}.Release|x64.ActiveCfg = Release|x64
		{3423EC9A-52E4-4A4D-9753-EDEBC38785EF}.Release|x64.Build.0 = Release|x64
		{719CA880-7DB6-4BDA-9AB8-C924DE2FB28D}.Debug|Win32.ActiveCfg = Debug|Win32
		{719CA880-7DB6-4BDA-9AB8-C924DE2FB28D}.Debug|Win32.Build.0 = Debug|Win32
		{719CA880-7DB6-4BDA-9AB8-C924DE2FB28D}.Debug|x64.ActiveCfg = Debug|Win32
		{719CA880-7DB6-4BDA-9AB8-C924DE2FB28D}.Release|Win32.ActiveCfg = Release|Win32
		{719CA880-7DB6-4BDA-9AB8-C924DE2FB28D}.Release|Win32.Build.0 = Release|Win32
		{719CA880-7DB6-4BDA-9AB8-C924DE2FB28D}.Release|x64.ActiveCfg = Release|Win32
		{59F14EDB-19F9-46FB-A579-E000C604F641}.Debug|Win32.ActiveCfg = Debug|Win32
		{59F14EDB-19F9-46FB-A579-E000C604F641}.Debug|Win32.Build.0 = Debug|Win32
		{59F14EDB-19F9-46FB-A579-E000C604F641}.Debug|x64.ActiveCfg = Debug|Win32
		{59F14EDB-19F9-46FB-A579-E000C604F641}.Release|Win32.ActiveCfg = Release|Win32
		{59F14EDB-19F9-46FB-A579-E000C604F641}.Release|Win32.Build.0 = Release|Win32
		{59F14EDB-19F9-46FB-A579-E000C604F641}.Release|x64.ActiveCfg = Release|Win32
		{82BD044F-F504-4592-BB50-121D575D1AB1}.Debug|Win32.ActiveCfg = Debug|Win32
		{82BD044F-F504-4592-BB50-121D575D1AB1}.Debug|Win32.Build.0 = Debug|Win32
		{82BD044F-F504-4592-BB50-121D575D1AB1}.Debug|x64.ActiveCfg = Debug|Win32
		{82BD044F-F504-4592-BB50-121D575D1AB1}.Release|Win32.ActiveCfg = Release|Win32
		{82BD044F-F504-4592-BB50-121D575D1AB1}.Release|Win32.Build.0 = Release|Win32
		{82BD044F-F504-4592-BB50-121D575D1AB1}.Release|x64.ActiveCfg = Release|Win32
		{E0824559-88DC-4A16-A093-680D4DD61F50}.Debug|Win32.ActiveCfg = Debug|Win32
		{E0824559-88DC-4A16-A093-680D4DD61F50}.Debug|Win32.Build.0 = Debug|Win32
		{E0824559-88DC-4A16-A093-680D4DD61F50}.Debug|x64.ActiveCfg = Debug|Win32
		{E0824559-88DC-4A16-A093-680D4DD61F50}.Release|Win32.ActiveCfg = Release|Win32
		{E0824559-88DC-4A16-A093-680D4DD61F50}.Release|Win32.Build.0 = Release|Win32
		{E0824559-88DC-4A16-A093-680D4DD61F50}.Release|x64.ActiveCfg = Release|Win32
		{FC642510-63AE-4CAA-ACF3-1C43B38A89FC}.Debug|Win32.ActiveCfg = Debug|Win32
		{FC642510-63AE-4CAA-ACF3-1C43B38A89FC}.Debug|Win32.Build.0 = Debug|Win32
		{FC642510-63AE-4CAA-ACF3-1C43B38A89FC}.Debug|x64.ActiveCfg = Debug|Win32
		{FC642510-63AE-4CAA-ACF3-1C43B38A89FC}.Release|Win32.ActiveCfg = Release|Win32
		{FC642510-63AE-4CAA-ACF3-1C43B38A89FC}.Release|Win32.Build.0 = Release|Win32
		{FC642510-63AE-4CAA-ACF3-1C43B38A89FC}.Release|x64.ActiveCfg = Release|Win32
		{4B3E17EB-DDE5-4AD1-99A7-353A8724B2DC}.Debug|Win32.ActiveCfg = Debug|Win32
		{4B3E17EB-DDE5-4AD1-99A7-353A8724B2DC}.Debug|Win32.Build.0 = Debug|Win32
		{4B3E17EB-DDE5-4AD1-99A7-353A8724B2DC}.Debug|x64.ActiveCfg = Debug|Win32
		{4B3E17EB-DDE5-4AD1-99A7-353A8724B2DC}.Release|Win32.ActiveCfg = Release|Win32
		{4B3E17EB-DDE5-4AD1-99A7-353A8724B2DC}.Release|Win32.Build.0 = Release|Win32
		{4B3E17EB-DDE5-4AD1-99A7-353A8724B2DC}.Release|x64.ActiveCfg = Release|Win32
		{5FA0FBF6-CBC0-4344-B57A-E17C8FFC6F3E}.Debug|Win32.ActiveCfg = Debug|Win32
		{5FA0FBF6-CBC0-4344-B57A-E17C8FFC6F3E}.Debug|Win32.Build.0 = Debug|Win32
		{5FA0FBF6-CBC0-4344-B57A-E17C8FFC6F3E}.Debug|x64.ActiveCfg = Debug|Win32
		{5FA0FBF6-CBC0-4344-B57A-E17C8FFC6F3E}.Release|Win32.ActiveCfg = Release|Win32
		{5FA0FBF6-CBC0-4344-B57A-E17C8FFC6F3E}.Release|Win32.Build.0 = Release|Win32
		{5FA0FBF6-CBC0-4344-B57A-E17C8FFC6F3E}.Release|x64.ActiveCfg = Release|Win32
		{A2A9E5A3-DADB-4450-9E0E-80DAAFA05408}.Debug|Win32.ActiveCfg = Debug|Win32
		{A2A9E5A3-DADB-4450-9E0E-80DAAFA05408}.Debug|Win32.Build.0 = Debug|Win32
		{A2A9E5A3-DADB-4450-9E0E-80DAAFA05408}.Debug|x64.ActiveCfg = Debug|Win32
		{A2A9E5A3-DADB-4450-9E0E-80DAAFA05408}.Release|Win32.ActiveCfg = Release|Win32
		{A2A9E5A3-DADB-4450-9E0E-80DAAFA05408}.Release|Win32.Build.0 = Release|Win32
		{A2A9E5A3-DADB-4450-9E0E-80DAAFA05408}.Release|x64.ActiveCfg = Release|Win32
	EndGlobalSection
	GlobalSection(SolutionProperties) = preSolution
		HideSolutionNode = FALSE
	EndGlobalSection
EndGlobal
